
Microsoft Visual Studio Solution File, Format Version 12.00
# Visual Studio 2013
VisualStudioVersion = 12.0.31101.0
MinimumVisualStudioVersion = 10.0.40219.1
Project("{FAE04EC0-301F-11D3-BF4B-00C04F79EFBC}") = "BoardGamesCollection", "BoardGamesCollection\BoardGamesCollection.csproj", "{B4B10971-0AB2-4C91-82D7-98E70D5399EF}"
EndProject
Project("{FAE04EC0-301F-11D3-BF4B-00C04F79EFBC}") = "BoardGamesCollection.Tests", "BoardGamesCollection.Tests\BoardGamesCollection.Tests.csproj", "{2E18F412-358D-4338-9D03-31E4924A89B4}"
EndProject
Global
	GlobalSection(TeamFoundationVersionControl) = preSolution
		SccNumberOfProjects = 3
		SccEnterpriseProvider = {4CA58AB2-18FA-4F8D-95D4-32DDF27D184C}
		SccTeamFoundationServer = https://fguerrerocda.visualstudio.com/defaultcollection
		SccLocalPath0 = .
		SccProjectUniqueName1 = BoardGamesCollection\\BoardGamesCollection.csproj
		SccProjectName1 = BoardGamesCollection
		SccLocalPath1 = BoardGamesCollection
		SccProjectUniqueName2 = BoardGamesCollection.Tests\\BoardGamesCollection.Tests.csproj
		SccProjectName2 = BoardGamesCollection.Tests
		SccLocalPath2 = BoardGamesCollection.Tests
	EndGlobalSection
	GlobalSection(SolutionConfigurationPlatforms) = preSolution
		Debug|Any CPU = Debug|Any CPU
		Release|Any CPU = Release|Any CPU
	EndGlobalSection
	GlobalSection(ProjectConfigurationPlatforms) = postSolution
		{B4B10971-0AB2-4C91-82D7-98E70D5399EF}.Debug|Any CPU.ActiveCfg = Debug|Any CPU
		{B4B10971-0AB2-4C91-82D7-98E70D5399EF}.Debug|Any CPU.Build.0 = Debug|Any CPU
		{B4B10971-0AB2-4C91-82D7-98E70D5399EF}.Release|Any CPU.ActiveCfg = Release|Any CPU
		{B4B10971-0AB2-4C91-82D7-98E70D5399EF}.Release|Any CPU.Build.0 = Release|Any CPU
		{2E18F412-358D-4338-9D03-31E4924A89B4}.Debug|Any CPU.ActiveCfg = Debug|Any CPU
		{2E18F412-358D-4338-9D03-31E4924A89B4}.Debug|Any CPU.Build.0 = Debug|Any CPU
		{2E18F412-358D-4338-9D03-31E4924A89B4}.Release|Any CPU.ActiveCfg = Release|Any CPU
		{2E18F412-358D-4338-9D03-31E4924A89B4}.Release|Any CPU.Build.0 = Release|Any CPU
	EndGlobalSection
	GlobalSection(SolutionProperties) = preSolution
		HideSolutionNode = FALSE
	EndGlobalSection
EndGlobal
